
Microsoft Visual Studio Solution File, Format Version 12.00
# Visual Studio 2013
VisualStudioVersion = 12.0.40629.0
MinimumVisualStudioVersion = 10.0.40219.1
Project("{FAE04EC0-301F-11D3-BF4B-00C04F79EFBC}") = "BillboardApp", "BillboardApp\BillboardApp.csproj", "{40876062-6F97-4869-B835-401C0468602D}"
EndProject
Project("{FAE04EC0-301F-11D3-BF4B-00C04F79EFBC}") = "BillboardApp.Tests", "BillboardApp.Tests\BillboardApp.Tests.csproj", "{EB1F7D51-95AC-4A94-9FB7-4D1861BA6703}"
EndProject
Global
	GlobalSection(SolutionConfigurationPlatforms) = preSolution
		Debug|Any CPU = Debug|Any CPU
		Release|Any CPU = Release|Any CPU
	EndGlobalSection
	GlobalSection(ProjectConfigurationPlatforms) = postSolution
		{40876062-6F97-4869-B835-401C0468602D}.Debug|Any CPU.ActiveCfg = Debug|Any CPU
		{40876062-6F97-4869-B835-401C0468602D}.Debug|Any CPU.Build.0 = Debug|Any CPU
		{40876062-6F97-4869-B835-401C0468602D}.Release|Any CPU.ActiveCfg = Release|Any CPU
		{40876062-6F97-4869-B835-401C0468602D}.Release|Any CPU.Build.0 = Release|Any CPU
		{EB1F7D51-95AC-4A94-9FB7-4D1861BA6703}.Debug|Any CPU.ActiveCfg = Debug|Any CPU
		{EB1F7D51-95AC-4A94-9FB7-4D1861BA6703}.Debug|Any CPU.Build.0 = Debug|Any CPU
		{EB1F7D51-95AC-4A94-9FB7-4D1861BA6703}.Release|Any CPU.ActiveCfg = Release|Any CPU
		{EB1F7D51-95AC-4A94-9FB7-4D1861BA6703}.Release|Any CPU.Build.0 = Release|Any CPU
	EndGlobalSection
	GlobalSection(SolutionProperties) = preSolution
		HideSolutionNode = FALSE
	EndGlobalSection
EndGlobal
